<?xml version="1.0" encoding="utf-8"?>
<Project ToolsVersion="4.0" xmlns="http://schemas.microsoft.com/developer/msbuild/2003">
  <ItemGroup>
    <Filter Include="win32">
      <UniqueIdentifier>{84a8ebd7-7cf0-47f6-b75e-d441df67da40}</UniqueIdentifier>
    </Filter>
    <Filter Include="resource">
      <UniqueIdentifier>{715254bc-d70b-4ec5-bf29-467dd3ace079}</UniqueIdentifier>
    </Filter>
    <Filter Include="src">
      <UniqueIdentifier>{bb6c862e-70e9-49d9-81b7-3829a6f50471}</UniqueIdentifier>
    </Filter>
    <Filter Include="src\Characters">
      <UniqueIdentifier>{cc63f46d-1ba6-406f-868d-3fbf06cb1bf3}</UniqueIdentifier>
    </Filter>
    <Filter Include="src\Skills">
      <UniqueIdentifier>{b8abcc6e-a934-408f-ad35-12daad868cb8}</UniqueIdentifier>
    </Filter>
    <Filter Include="src\Enemies">
      <UniqueIdentifier>{b5ff43fe-f985-4e5e-8262-89b24a975707}</UniqueIdentifier>
    </Filter>
    <Filter Include="src\Objects">
      <UniqueIdentifier>{ba22dbc2-c76d-4f5a-95bd-adea96286815}</UniqueIdentifier>
    </Filter>
    <Filter Include="src\GameObject">
      <UniqueIdentifier>{74428af8-f7d5-4251-b37b-349021547581}</UniqueIdentifier>
    </Filter>
    <Filter Include="src\GameScene">
      <UniqueIdentifier>{35936b92-a1f4-4b88-bc04-b4e40f6e00af}</UniqueIdentifier>
    </Filter>
    <Filter Include="src\Boss">
      <UniqueIdentifier>{c556cedc-a5e7-4101-94c0-7a80d461a83f}</UniqueIdentifier>
    </Filter>
    <Filter Include="src\HandlePhysic">
      <UniqueIdentifier>{5da6d966-8ae6-41fc-bc3a-c3948fe87475}</UniqueIdentifier>
    </Filter>
    <Filter Include="src\KeyBoard">
      <UniqueIdentifier>{3ea43c91-1726-480a-84f0-af87bacf92ee}</UniqueIdentifier>
    </Filter>
    <Filter Include="src\UI">
      <UniqueIdentifier>{20b51c10-7895-43f8-8138-4f4cac60eb17}</UniqueIdentifier>
    </Filter>
    <Filter Include="src\GameMenu">
      <UniqueIdentifier>{55dd9508-e32b-4bd9-87fd-a39adf78db1f}</UniqueIdentifier>
    </Filter>
    <Filter Include="src\Attack">
      <UniqueIdentifier>{3945604c-bb2f-43ea-9d19-b3baa2d1a70e}</UniqueIdentifier>
    </Filter>
  </ItemGroup>
  <ItemGroup>
    <ClCompile Include="..\Classes\AppDelegate.cpp">
      <Filter>src</Filter>
    </ClCompile>
    <ClCompile Include="..\Classes\Arthur_1.cpp">
      <Filter>src\Characters</Filter>
    </ClCompile>
    <ClCompile Include="main.cpp">
      <Filter>win32</Filter>
    </ClCompile>
    <ClCompile Include="..\Classes\MoonBlade.cpp">
      <Filter>src\Skills</Filter>
    </ClCompile>
    <ClCompile Include="..\Classes\FanMan.cpp">
      <Filter>src\Enemies</Filter>
    </ClCompile>
    <ClCompile Include="..\Classes\Percival.cpp">
      <Filter>src\Characters</Filter>
    </ClCompile>
    <ClCompile Include="..\Classes\Player.cpp">
      <Filter>src\Characters</Filter>
    </ClCompile>
    <ClCompile Include="..\Classes\Enemy.cpp">
      <Filter>src\Enemies</Filter>
    </ClCompile>
    <ClCompile Include="..\Classes\GameObject.cpp">
      <Filter>src\GameObject</Filter>
    </ClCompile>
    <ClCompile Include="..\Classes\GameScene_1.cpp">
      <Filter>src\GameScene</Filter>
    </ClCompile>
    <ClCompile Include="..\Classes\Wall.cpp">
      <Filter>src\Objects</Filter>
    </ClCompile>
    <ClCompile Include="..\Classes\HandlePhysics.cpp">
      <Filter>src\HandlePhysic</Filter>
    </ClCompile>
    <ClCompile Include="..\Classes\Boss.cpp">
      <Filter>src\Boss</Filter>
    </ClCompile>
    <ClCompile Include="..\Classes\Garibaldi.cpp">
      <Filter>src\Boss</Filter>
    </ClCompile>
    <ClCompile Include="..\Classes\SKeyboard.cpp">
      <Filter>src\KeyBoard</Filter>
    </ClCompile>
    <ClCompile Include="..\Classes\UIGameScene.cpp">
      <Filter>src\UI</Filter>
    </ClCompile>
    <ClCompile Include="..\Classes\MainMenuScene.cpp">
      <Filter>src\GameMenu</Filter>
    </ClCompile>
    <ClCompile Include="..\Classes\Hit.cpp">
      <Filter>src\Attack</Filter>
    </ClCompile>
    <ClCompile Include="..\Classes\BirdMan.cpp">
      <Filter>src\Enemies</Filter>
    </ClCompile>
    <ClCompile Include="..\Classes\BusterS.cpp">
      <Filter>src\Enemies</Filter>
    </ClCompile>
    <ClCompile Include="..\Classes\SwordMan.cpp">
      <Filter>src\Enemies</Filter>
    </ClCompile>
    <ClCompile Include="..\Classes\TallMan.cpp">
      <Filter>src\Enemies</Filter>
    </ClCompile>
    <ClCompile Include="..\Classes\GameOptions.cpp">
      <Filter>src\GameMenu</Filter>
    </ClCompile>
    <ClCompile Include="..\Classes\Score.cpp">
      <Filter>src\UI</Filter>
    </ClCompile>
    <ClCompile Include="..\Classes\Flame.cpp">
      <Filter>src\Skills</Filter>
    </ClCompile>
    <ClCompile Include="..\Classes\SplashScene.cpp">
      <Filter>src\GameMenu</Filter>
    </ClCompile>
  </ItemGroup>
  <ItemGroup>
    <ClInclude Include="..\Classes\AppDelegate.h">
      <Filter>src</Filter>
    </ClInclude>
    <ClInclude Include="..\Classes\Defnition.h">
      <Filter>src</Filter>
    </ClInclude>
    <ClInclude Include="..\Classes\Arthur_1.h">
      <Filter>src\Characters</Filter>
    </ClInclude>
    <ClInclude Include="main.h">
      <Filter>win32</Filter>
    </ClInclude>
    <ClInclude Include="..\Classes\MoonBlade.h">
      <Filter>src\Skills</Filter>
    </ClInclude>
    <ClInclude Include="..\Classes\FanMan.h">
      <Filter>src\Enemies</Filter>
    </ClInclude>
    <ClInclude Include="..\Classes\Percival.h">
      <Filter>src\Characters</Filter>
    </ClInclude>
    <ClInclude Include="..\Classes\Player.h">
      <Filter>src\Characters</Filter>
    </ClInclude>
    <ClInclude Include="..\Classes\Enemy.h">
      <Filter>src\Enemies</Filter>
    </ClInclude>
    <ClInclude Include="..\Classes\GameObject.h">
      <Filter>src\GameObject</Filter>
    </ClInclude>
    <ClInclude Include="..\Classes\GameScene_1.h">
      <Filter>src\GameScene</Filter>
    </ClInclude>
    <ClInclude Include="..\Classes\Wall.h">
      <Filter>src\Objects</Filter>
    </ClInclude>
    <ClInclude Include="..\Classes\HandlePhysics.h">
      <Filter>src\HandlePhysic</Filter>
    </ClInclude>
    <ClInclude Include="..\Classes\Boss.h">
      <Filter>src\Boss</Filter>
    </ClInclude>
    <ClInclude Include="..\Classes\Garibaldi.h">
      <Filter>src\Boss</Filter>
    </ClInclude>
    <ClInclude Include="..\Classes\SKeyboard.h">
      <Filter>src\KeyBoard</Filter>
    </ClInclude>
    <ClInclude Include="..\Classes\UIGameScene.h">
      <Filter>src\UI</Filter>
    </ClInclude>
    <ClInclude Include="..\Classes\MainMenuScene.h">
      <Filter>src\GameMenu</Filter>
    </ClInclude>
    <ClInclude Include="..\Classes\Hit.h">
      <Filter>src\Attack</Filter>
    </ClInclude>
    <ClInclude Include="..\Classes\BirdMan.h">
      <Filter>src\Enemies</Filter>
    </ClInclude>
    <ClInclude Include="..\Classes\BusterS.h">
      <Filter>src\Enemies</Filter>
    </ClInclude>
    <ClInclude Include="..\Classes\SwordMan.h">
      <Filter>src\Enemies</Filter>
    </ClInclude>
    <ClInclude Include="..\Classes\TallMan.h">
      <Filter>src\Enemies</Filter>
    </ClInclude>
    <ClInclude Include="..\Classes\GameOptions.h">
      <Filter>src\GameMenu</Filter>
    </ClInclude>
    <ClInclude Include="..\Classes\Score.h">
      <Filter>src\UI</Filter>
    </ClInclude>
    <ClInclude Include="..\Classes\Flame.h">
      <Filter>src\Skills</Filter>
    </ClInclude>
    <ClInclude Include="..\Classes\SplashScene.h">
      <Filter>src\GameMenu</Filter>
    </ClInclude>
  </ItemGroup>
  <ItemGroup>
    <ResourceCompile Include="game.rc">
      <Filter>resource</Filter>
    </ResourceCompile>
  </ItemGroup>
</Project>